dependencies:
  bblanchon/arduinojson:
    component_hash: b1c2f0b0bc26969af19809cee80b220fb882481d59cc75f8e79ebceecdc69f06
    dependencies: []
    source:
      registry_url: https://components.espressif.com/
      type: service
    version: 7.4.2
  chmorgan/esp-libhelix-mp3:
    component_hash: cbb76089dc2c5749f7b470e2e70aedc44c9da519e04eb9a67d4c7ec275229e53
    dependencies:
    - name: idf
      require: private
      version: '>=4.1.0'
    source:
      registry_url: https://components.espressif.com
      type: service
    version: 1.0.3
  espressif/arduino-esp32:
    component_hash: 61db028af7b50fa58e31e28b8601f0bd8382f3dafebde3cb341651aa32f7614c
    dependencies:
    - name: chmorgan/esp-libhelix-mp3
      registry_url: https://components.espressif.com
      require: private
      version: 1.0.3
    - name: espressif/cbor
      registry_url: https://components.espressif.com
      require: private
      rules:
      - if: target not in [esp32c2, esp32p4]
      version: 0.6.0~1
    - name: espressif/esp-dsp
      registry_url: https://components.espressif.com
      require: private
      rules:
      - if: target != esp32c2
      version: ^1.3.4
    - name: espressif/esp-modbus
      registry_url: https://components.espressif.com
      require: private
      version: ^1.0.15
    - name: espressif/esp-sr
      registry_url: https://components.espressif.com
      require: private
      rules:
      - if: target in [esp32s3, esp32p4]
      version: ^2.1.5
    - name: espressif/esp-zboss-lib
      registry_url: https://components.espressif.com
      require: private
      rules:
      - if: target not in [esp32c2, esp32p4]
      version: ==1.6.4
    - name: espressif/esp-zigbee-lib
      registry_url: https://components.espressif.com
      require: private
      rules:
      - if: target not in [esp32c2, esp32p4]
      version: ==1.6.7
    - name: espressif/esp_diag_data_store
      registry_url: https://components.espressif.com
      require: private
      rules:
      - if: target not in [esp32c2, esp32p4]
      version: 1.0.2
    - name: espressif/esp_diagnostics
      registry_url: https://components.espressif.com
      require: private
      rules:
      - if: target not in [esp32c2, esp32p4]
      version: 1.2.1
    - name: espressif/esp_hosted
      registry_url: https://components.espressif.com
      require: private
      rules:
      - if: target == esp32p4
      version: ^2.0.12
    - name: espressif/esp_insights
      registry_url: https://components.espressif.com
      require: private
      rules:
      - if: target not in [esp32c2, esp32p4]
      version: 1.2.2
    - name: espressif/esp_modem
      registry_url: https://components.espressif.com
      require: private
      version: ^1.1.0
    - name: espressif/esp_rainmaker
      registry_url: https://components.espressif.com
      require: private
      rules:
      - if: target not in [esp32c2, esp32p4]
      version: 1.5.2
    - name: espressif/esp_wifi_remote
      registry_url: https://components.espressif.com
      require: private
      rules:
      - if: target == esp32p4
      version: ^0.13.0
    - name: espressif/lan867x
      registry_url: https://components.espressif.com
      require: private
      rules:
      - if: target in [esp32, esp32p4]
      version: ^2.0.0
    - name: espressif/libsodium
      registry_url: https://components.espressif.com
      require: private
      version: ^1.0.20~1
    - name: espressif/mdns
      registry_url: https://components.espressif.com
      require: private
      version: ^1.2.3
    - name: espressif/network_provisioning
      registry_url: https://components.espressif.com
      require: private
      rules:
      - if: target != esp32c2
      version: 1.0.2
    - name: espressif/qrcode
      registry_url: https://components.espressif.com
      require: private
      rules:
      - if: target not in [esp32c2, esp32p4]
      version: 0.1.0~2
    - name: espressif/rmaker_common
      registry_url: https://components.espressif.com
      require: private
      rules:
      - if: target not in [esp32c2, esp32p4]
      version: 1.4.6
    - name: idf
      require: private
      version: '>=5.3,<5.6'
    - name: joltwallet/littlefs
      registry_url: https://components.espressif.com
      require: private
      version: ^1.10.2
    source:
      registry_url: https://components.espressif.com/
      type: service
    targets:
    - esp32
    - esp32s2
    - esp32s3
    - esp32c2
    - esp32c3
    - esp32c6
    - esp32h2
    - esp32p4
    - esp32c5
    version: 3.3.2
  espressif/dl_fft:
    component_hash: 7dadbd644c0d7ba4733cc3726ec4cff6edf27b043725e1115861dec1609a3d28
    dependencies:
    - name: idf
      require: private
      version: '>=5.0'
    source:
      registry_url: https://components.espressif.com
      type: service
    version: 0.3.1
  espressif/eppp_link:
    component_hash: 41f6519edda527ec6a0553c872ebaf8fc6d3812523c9d4c8d1660ad21c720abe
    dependencies:
    - name: espressif/esp_serial_slave_link
      registry_url: https://components.espressif.com
      require: private
      version: ^1.1.0
    - name: idf
      require: private
      version: '>=5.2'
    source:
      registry_url: https://components.espressif.com
      type: service
    version: 1.1.3
  espressif/esp-dsp:
    component_hash: 619639efc18cfa361a9e423739b9b0ffc14991effc6c027f955c2f2c3bf1754b
    dependencies:
    - name: idf
      require: private
      version: '>=4.2'
    source:
      registry_url: https://components.espressif.com
      type: service
    version: 1.6.0
  espressif/esp-modbus:
    component_hash: 5d5e90b9e55721a8a194b301ad8102d4affb647f47b74cd413ff7d1ce2c1169c
    dependencies:
    - name: idf
      require: private
      version: '>=4.3'
    source:
      registry_url: https://components.espressif.com
      type: service
    version: 1.0.18
  espressif/esp-sr:
    component_hash: 12733d9b4aef5d5e295f35c4671835d605992d00583fcd2f8d21166f62c6b071
    dependencies:
    - name: espressif/dl_fft
      registry_url: https://components.espressif.com
      require: private
      version: '>=0.2.0'
    - name: espressif/esp-dsp
      registry_url: https://components.espressif.com
      require: private
      version: 1.6.0
    - name: idf
      require: private
      version: '>=5.0'
    source:
      registry_url: https://components.espressif.com
      type: service
    version: 2.1.5
  espressif/esp_hosted:
    component_hash: fb945443a7e96633637ce035505f93445681b218752b255726646aaf13d6a78e
    dependencies:
    - name: idf
      require: private
      version: '>=5.3'
    source:
      registry_url: https://components.espressif.com/
      type: service
    version: 2.5.12
  espressif/esp_modem:
    component_hash: dca5a8d8cf80dd88dc91bb22cbea52956950f1e80488996c5b41168d3cdefbb6
    dependencies:
    - name: idf
      require: private
      version: '>=4.1'
    source:
      registry_url: https://components.espressif.com
      type: service
    version: 1.4.1
  espressif/esp_serial_slave_link:
    component_hash: 7cd3bae703cc6136b578ef521b2f9df3171d029775a3558f0efdb200a3b04f57
    dependencies:
    - name: idf
      require: private
      version: '>=5.0'
    source:
      registry_url: https://components.espressif.com
      type: service
    version: 1.1.1~1
  espressif/esp_wifi_remote:
    component_hash: 4d72493decb95901f6dc9fe91d8a4149ba38c2d72a117ed343a83444415c81d9
    dependencies:
    - name: espressif/eppp_link
      registry_url: https://components.espressif.com
      require: private
      version: '>=0.1'
    - name: espressif/esp_hosted
      registry_url: https://components.espressif.com
      require: private
      rules:
      - if: target in [esp32h2, esp32p4]
      version: '>=0.0.6'
    - name: idf
      require: private
      version: '>=5.3'
    source:
      registry_url: https://components.espressif.com/
      type: service
    version: 0.13.0
  espressif/lan867x:
    component_hash: 651c9d6e3d96acb08bd5066144b12a12e94df0a6241127a0538d8680689de2c4
    dependencies:
    - name: espressif/lan86xx_common
      registry_url: https://components.espressif.com
      require: private
      version: '*'
    - name: idf
      require: private
      version: '>=5.3'
    source:
      registry_url: https://components.espressif.com
      type: service
    targets:
    - esp32
    - esp32p4
    version: 2.0.0
  espressif/lan86xx_common:
    component_hash: 6dcb1be9f43ae940979bd628fa5bee278949b66c545e1fe2321e486102e81026
    dependencies:
    - name: idf
      require: private
      version: '>=5.2'
    source:
      registry_url: https://components.espressif.com
      type: service
    version: 1.0.0
  espressif/libsodium:
    component_hash: 25b968723c584a2742ca36cebe5a7ef049c6767e059f7b1e1eec69946019025d
    dependencies:
    - name: idf
      require: private
      version: '>=4.2'
    source:
      registry_url: https://components.espressif.com
      type: service
    version: 1.0.20~2
  espressif/mdns:
    component_hash: 3ec0af5f6bce310512e90f482388d21cc7c0e99668172d2f895356165fc6f7c5
    dependencies:
    - name: idf
      require: private
      version: '>=5.0'
    source:
      registry_url: https://components.espressif.com
      type: service
    version: 1.8.2
  espressif/network_provisioning:
    component_hash: ef2e10182fd1861e68b821491916327c25416ca7ae70e5a6e43313dbc71fe993
    dependencies:
    - name: idf
      require: private
      version: '>=5.1'
    source:
      registry_url: https://components.espressif.com
      type: service
    version: 1.0.2
  idf:
    source:
      type: idf
    version: 5.5.1
  joltwallet/littlefs:
    component_hash: 8e12955f47e27e6070b76715a96d6c75fc2b44f069e8c33679332d9bdd3120c4
    dependencies:
    - name: idf
      require: private
      version: '>=5.0'
    source:
      registry_url: https://components.espressif.com
      type: service
    version: 1.20.1
direct_dependencies:
- bblanchon/arduinojson
- espressif/arduino-esp32
- espressif/esp_hosted
- espressif/esp_wifi_remote
- idf
manifest_hash: 557b627f5bfff6af592aa41d4e5911a7479616ff08b31b40f49ba4b53f6195b5
target: esp32p4
version: 2.0.0
